# This file is automatically @generated by Cargo.
# It is not intended for manual editing.
version = 3

[[package]]
name = "hotcorners"
version = "0.2.0"
dependencies = [
 "lazy_static",
 "windows",
]

[[package]]
name = "lazy_static"
version = "1.4.0"
source = "registry+https://github.com/rust-lang/crates.io-index"
checksum = "e2abad23fbc42b3700f2f279844dc832adb2b2eb069b2df918f455c4e18cc646"

[[package]]
name = "windows"
version = "0.22.1"
source = "registry+https://github.com/rust-lang/crates.io-index"
checksum = "e63b5b81676d36bcf3d8c41b0f6ca574bb2399ba0963c6b9f110f7839a200bce"
dependencies = [
 "windows_i686_msvc",
 "windows_x86_64_msvc",
]

[[package]]
name = "windows_i686_msvc"
version = "0.22.1"
source = "registry+https://github.com/rust-lang/crates.io-index"
checksum = "23330f18aae0ccad49809c82a48e01e965bcc831813f32fe1bb89d8845f7365b"

[[package]]
name = "windows_x86_64_msvc"
version = "0.22.1"
source = "registry+https://github.com/rust-lang/crates.io-index"
checksum = "be253f6efe83a48d5d42d13be30ac63ac597f7d87b09c7fd37221a5a04d09628"
